
Microsoft Visual Studio Solution File, Format Version 12.00
# Visual Studio Version 17
VisualStudioVersion = 17.5.33516.290
MinimumVisualStudioVersion = 10.0.40219.1
Project("{FAE04EC0-301F-11D3-BF4B-00C04F79EFBC}") = "KYRSOVA", "KYRSOVA.csproj", "{BEFB77DB-8415-4210-941B-657279B1953A}"
EndProject
Global
	GlobalSection(SolutionConfigurationPlatforms) = preSolution
		Debug|Any CPU = Debug|Any CPU
		Release|Any CPU = Release|Any CPU
	EndGlobalSection
	GlobalSection(ProjectConfigurationPlatforms) = postSolution
		{BEFB77DB-8415-4210-941B-657279B1953A}.Debug|Any CPU.ActiveCfg = Debug|Any CPU
		{BEFB77DB-8415-4210-941B-657279B1953A}.Debug|Any CPU.Build.0 = Debug|Any CPU
		{BEFB77DB-8415-4210-941B-657279B1953A}.Release|Any CPU.ActiveCfg = Release|Any CPU
		{BEFB77DB-8415-4210-941B-657279B1953A}.Release|Any CPU.Build.0 = Release|Any CPU
	EndGlobalSection
	GlobalSection(SolutionProperties) = preSolution
		HideSolutionNode = FALSE
	EndGlobalSection
	GlobalSection(ExtensibilityGlobals) = postSolution
		SolutionGuid = {C36FDD06-7E6B-4C17-B8CF-97813BE33CE3}
	EndGlobalSection
EndGlobal
